
Microsoft Visual Studio Solution File, Format Version 12.00
# Visual Studio 2013
Project("{FAE04EC0-301F-11D3-BF4B-00C04F79EFBC}") = "helloworld.CSharp", "helloworld.CSharp.csproj", "{E056AA02-0ED5-9A88-AB3D-6F8ED4556024}"
EndProject
Project("{FAE04EC0-301F-11D3-BF4B-00C04F79EFBC}") = "helloworld.CSharp.Editor", "helloworld.CSharp.Editor.csproj", "{0CE0B85A-325E-5A0D-2A73-F2FA30987AD1}"
EndProject
Global
	GlobalSection(SolutionConfigurationPlatforms) = preSolution
		Debug|Any CPU = Debug|Any CPU
		Release|Any CPU = Release|Any CPU
	EndGlobalSection
	GlobalSection(ProjectConfigurationPlatforms) = postSolution
		{E056AA02-0ED5-9A88-AB3D-6F8ED4556024}.Debug|Any CPU.ActiveCfg = Debug|Any CPU
		{E056AA02-0ED5-9A88-AB3D-6F8ED4556024}.Debug|Any CPU.Build.0 = Debug|Any CPU
		{E056AA02-0ED5-9A88-AB3D-6F8ED4556024}.Release|Any CPU.ActiveCfg = Release|Any CPU
		{E056AA02-0ED5-9A88-AB3D-6F8ED4556024}.Release|Any CPU.Build.0 = Release|Any CPU
		{0CE0B85A-325E-5A0D-2A73-F2FA30987AD1}.Debug|Any CPU.ActiveCfg = Debug|Any CPU
		{0CE0B85A-325E-5A0D-2A73-F2FA30987AD1}.Debug|Any CPU.Build.0 = Debug|Any CPU
		{0CE0B85A-325E-5A0D-2A73-F2FA30987AD1}.Release|Any CPU.ActiveCfg = Release|Any CPU
		{0CE0B85A-325E-5A0D-2A73-F2FA30987AD1}.Release|Any CPU.Build.0 = Release|Any CPU
	EndGlobalSection
	GlobalSection(SolutionProperties) = preSolution
		HideSolutionNode = FALSE
	EndGlobalSection
EndGlobal
